github.com/beorn7/perks v1.0.1 h1:VlbKKnNfV8bJzeqoa4cOKqO6bYr3WgKZxO8Z16+hsOM=
github.com/beorn7/perks v1.0.1/go.mod h1:G2ZrVWU2WbWT9wwq4/hrbKbnv/1ERSJQ0ibhJ6rlkpw=
github.com/cespare/xxhash/v2 v2.3.0 h1:UL815xU9SqsFlibzuggzjXhog7bL6oX9BbNZnL2UFvs=
github.com/cespare/xxhash/v2 v2.3.0/go.mod h1:VGX0DQ3Q6kWi7AoAeZDth3/j3BFtOZR5XLFGgcrjCOs=
github.com/davecgh/go-spew v1.1.1 h1:vj9j/u1bqnvCEfJOwUhtlOARqs3+rkHYY13jYWTU97c=
github.com/davecgh/go-spew v1.1.1/go.mod h1:J7Y8YcW2NihsgmVo/mv3lAwl/skON4iLHjSsI+c5H38=
github.com/dustin/go-humanize v1.0.1 h1:GzkhY7T5VNhEkwH0PVJgjz+fX1rhBrR7pRT3mDkpeCY=
github.com/dustin/go-humanize v1.0.1/go.mod h1:Mu1zIs6XwVuF/gI1OepvI0qD18qycQx+mFykh5fBlto=
github.com/golang/protobuf v1.5.4 h1:i7eJL8qZTpSEXOPTxNKhASYpMn+8e5Q6AdndVa1dWek=
github.com/golang/protobuf v1.5.4/go.mod h1:lnTiLA8Wa4RWRcIUkrtSVa5nRhsEGBg48fD6rSs7xps=
github.com/google/go-cmp v0.6.0 h1:ofyhxvXcZhMsU5ulbFiLKl/XBFqE1GSq7atu8tAmTRI=
github.com/google/go-cmp v0.6.0/go.mod h1:17dUlkBOakJ0+DkrSSNjCkIjxS6bF9zb3elmeNGIjoY=
github.com/klauspost/compress v1.17.10 h1:oXAz+Vh0PMUvJczoi+flxpnBEPxoER1IaAnU/NMPtT0=
github.com/klauspost/compress v1.17.10/go.mod h1:pMDklpSncoRMuLFrf1W9Ss9KT+0rH90U12bZKk7uwG0=
github.com/kr/pretty v0.3.1 h1:flRD4NNwYAUpkphVc1HcthR4KEIFJ65n8Mw5qdRn3LE=
github.com/kr/pretty v0.3.1/go.mod h1:hoEshYVHaxMs3cyo3Yncou5ZscifuDolrwPKZanG3xk=
github.com/kr/text v0.2.0 h1:5Nx0Ya0ZqY2ygV366QzturHI13Jq95ApcVaJBhpS+AY=
github.com/kr/text v0.2.0/go.mod h1:eLer722TekiGuMkidMxC/pM04lWEeraHUUmBw8l2grE=
github.com/munnerz/goautoneg v0.0.0-20191010083416-a7dc8b61c822 h1:C3w9PqII01/Oq1c1nUAm88MOHcQC9l5mIlSMApZMrHA=
github.com/munnerz/goautoneg v0.0.0-20191010083416-a7dc8b61c822/go.mod h1:+n7T8mK8HuQTcFwEeznm/DIxMOiR9yIdICNftLE1DvQ=
github.com/pmezard/go-difflib v1.0.0 h1:4DBwDE0NGyQoBHbLQYPwSUPoCMWR5BEzIk/f1lZbAQM=
github.com/pmezard/go-difflib v1.0.0/go.mod h1:iKH77koFhYxTK1pcRnkKkqfTogsbg7gZNVY4sRDYZ/4=
github.com/prometheus/client_golang v1.20.4 h1:Tgh3Yr67PaOv/uTqloMsCEdeuFTatm5zIq5+qNN23vI=
github.com/prometheus/client_golang v1.20.4/go.mod h1:PIEt8X02hGcP8JWbeHyeZ53Y/jReSnHgO035n//V5WE=
github.com/prometheus/client_model v0.6.1 h1:ZKSh/rekM+n3CeS952MLRAdFwIKqeY8b62p8ais2e9E=
github.com/prometheus/client_model v0.6.1/go.mod h1:OrxVMOVHjw3lKMa8+x6HeMGkHMQyHDk9E3jmP2AmGiY=
github.com/prometheus/common v0.60.0 h1:+V9PAREWNvJMAuJ1x1BaWl9dewMW4YrHZQbx0sJNllA=
github.com/prometheus/common v0.60.0/go.mod h1:h0LYf1R1deLSKtD4Vdg8gy4RuOvENW2J/h19V5NADQw=
github.com/prometheus/procfs v0.15.1 h1:YagwOFzUgYfKKHX6Dr+sHT7km/hxC76UB0learggepc=
github.com/prometheus/procfs v0.15.1/go.mod h1:fB45yRUv8NstnjriLhBQLuOUt+WW4BsoGhij/e3PBqk=
github.com/rogpeppe/go-internal v1.10.0 h1:TMyTOH3F/DB16zRVcYyreMH6GnZZrwQVAoYjRBZyWFQ=
github.com/rogpeppe/go-internal v1.10.0/go.mod h1:UQnix2H7Ngw/k4C5ijL5+65zddjncjaFoBhdsK/akog=
github.com/stretchr/testify v1.9.0 h1:HtqpIVDClZ4nwg75+f6Lvsy/wHu+3BoSGCbBAcpTsTg=
github.com/stretchr/testify v1.9.0/go.mod h1:r2ic/lqez/lEtzL7wO/rwa5dbSLXVDPFyf8C91i36aY=
golang.conradwood.net/apis/auth v1.1.3534 h1:jHLtrnzYPLYGTyge+fmd2FtoulQ+tkS+/xtkx24HH9U=
golang.conradwood.net/apis/auth v1.1.3534/go.mod h1:8rd6lP3n2f15v33zcKtaPQpAX2Z0VYASASuCB2UVQ54=
golang.conradwood.net/apis/autodeployer v1.1.3340 h1:Xt3l0ClnC0WpB0VoYOU6iXIfFWz8Vh15ikX+6TuSlns=
golang.conradwood.net/apis/autodeployer v1.1.3340/go.mod h1:U1E02FOzuaHaq2X+FWSPjuEp5Bfc2vCmeB83fB4r3Y4=
golang.conradwood.net/apis/common v1.1.3534 h1:eMmIBuvYnarGaYcvUq0oGcm5Q9xChMfb03YQHHwhyY8=
golang.conradwood.net/apis/common v1.1.3534/go.mod h1:ZZhxfMK74ZNtkMonTxs0nrq42fHh6bWfL2IlciEZTP0=
golang.conradwood.net/apis/deploymonkey v1.1.3340 h1:/ah7faHJer6K6kcwWyPzfFQtIU31XGim4Wz7jjn5dEY=
golang.conradwood.net/apis/deploymonkey v1.1.3340/go.mod h1:60jo5H6vWD8WORRaMk1hmkfFukgUDFpQAJQHmP/vTt4=
golang.conradwood.net/apis/framework v1.1.3340 h1:dqv96c4xE3I3C/olzA9D2x8o0sOxqlwC7YVtmq8yjxY=
golang.conradwood.net/apis/framework v1.1.3340/go.mod h1:bFqCwNXnWgdHWvtXq6lBLqHuThTLwfVWwTcNAE2osFk=
golang.conradwood.net/apis/goeasyops v1.1.3534 h1:GhRcx9y5Xgyh7unA0G71bUKkJbsua7z5M6Poh/4rbl4=
golang.conradwood.net/apis/goeasyops v1.1.3534/go.mod h1:EKh0QlqEKgHzHruA6s39TdZk1NwBzFkStfDmvwKeAOU=
golang.conradwood.net/apis/grafanadata v1.1.3340 h1:Zl1dzb8xEuOwJNDJ/PDTxIduA5xeXBo0TfdheIEEZys=
golang.conradwood.net/apis/grafanadata v1.1.3340/go.mod h1:oXnQQgD+AA13jFbOf99/lWrB+FS9go1ey5uVX8Q+Jow=
golang.conradwood.net/apis/h2gproxy v1.1.3340 h1:qIRUdZoyShqJyO2oK/9sqVmA6C2axpAFmfuBBSWYe+o=
golang.conradwood.net/apis/h2gproxy v1.1.3340/go.mod h1:QA4Z/llgVVwNbouRTFDUFZ1FiUo00LiLT07y0ZEYwz4=
golang.conradwood.net/apis/htmlserver v1.1.2960 h1:GedhBhkv70Z0JwxFYfeT7lHRmtbKRvSjGyaGvbUA9Po=
golang.conradwood.net/apis/htmlserver v1.1.2960/go.mod h1:U915o/Isoocc+zZmsUWr3KMfloTErmffkIJu87SWTug=
golang.conradwood.net/apis/objectstore v1.1.3340 h1:t5WvTU06tV1AL5z5d0UgHAf6JMpIcR7bF2zNN72QdVU=
golang.conradwood.net/apis/objectstore v1.1.3340/go.mod h1:0Br0SeUJcGxr5Q+B5cL8uESjXD/c5R+RbTplKRwGOAU=
golang.conradwood.net/apis/promconfig v1.1.2960 h1:4MEqK21VFozVbbZnr9zmdVXx2axEdjvwIxshYRS00OM=
golang.conradwood.net/apis/promconfig v1.1.2960/go.mod h1:lRCaDuAvfzLaJ0Ooo8AvwwKf5kwOVOcy+iFEXGj5w3E=
golang.conradwood.net/go-easyops v0.1.32310 h1:T8Wsiu0w4PJzr6IHALjxzr8p/uXFZeaoF8UaH3Iuy3I=
golang.conradwood.net/go-easyops v0.1.32310/go.mod h1:zMFOcNLeJdfgwSptuwf6LoUbu18Vqb6CzoD9G42Tk9M=
golang.org/x/net v0.32.0 h1:ZqPmj8Kzc+Y6e0+skZsuACbx+wzMgo5MQsJh9Qd6aYI=
golang.org/x/net v0.32.0/go.mod h1:CwU0IoeOlnQQWJ6ioyFrfRuomB8GKF6KbYXZVyeXNfs=
golang.org/x/sys v0.28.0 h1:Fksou7UEQUWlKvIdsqzJmUmCX3cZuD2+P3XyyzwMhlA=
golang.org/x/sys v0.28.0/go.mod h1:/VUhepiaJMQUp4+oa/7Zr1D23ma6VTLIYjOOTFZPUcA=
golang.org/x/text v0.21.0 h1:zyQAAkrwaneQ066sspRyJaG9VNi/YJ1NfzcGB3hZ/qo=
golang.org/x/text v0.21.0/go.mod h1:4IBbMaMmOPCJ8SecivzSH54+73PCFmPWxNTLm+vZkEQ=
golang.yacloud.eu/apis/faultindicator v1.1.3340 h1:jZfGebnmPvxN3/a2pYbSSzAOijWvdbtETe4Y5VMmPMI=
golang.yacloud.eu/apis/faultindicator v1.1.3340/go.mod h1:OShtk16e5In6Q2FceknFoeA+IoujfcuqBnxSRpmAdEc=
golang.yacloud.eu/apis/fscache v1.1.3340 h1:GgFDixRwwX4LwuJPFGi1uohh273Rp8ZmKixZDuidPfs=
golang.yacloud.eu/apis/fscache v1.1.3340/go.mod h1:uRcOUnNdUtKJQCYhDuGDIoR/Fknb79koNsNmAFLo0bw=
golang.yacloud.eu/apis/session v1.1.3534 h1:QrjPZEmzgY6yAVLYUjLSvFqwiU2G3536pP2snXGRCv0=
golang.yacloud.eu/apis/session v1.1.3534/go.mod h1:NX6AYw6tfjevrJu8GQTNs6lTYMkNMwhz1UUUy00Kr+c=
golang.yacloud.eu/apis/unixipc v1.1.3340 h1:eygU7eL7358XbZpPQyU7w4Lr8I3TTELOWGkBazwew2E=
golang.yacloud.eu/apis/unixipc v1.1.3340/go.mod h1:4AD8qvDOqu7Ng/GZPw0TsJh20g4xrdqSOQs98ebymUA=
golang.yacloud.eu/apis/urlcacher v1.1.3340 h1:0H8Z/RE66z7pWmZIWlm43WaJFyMmG/tyWr4XX8ZnQXg=
golang.yacloud.eu/apis/urlcacher v1.1.3340/go.mod h1:ScrujejAaTsgKYbVeL4q+LH/ee0Xccq2zuOQM9Fas8c=
google.golang.org/genproto/googleapis/rpc v0.0.0-20240903143218-8af14fe29dc1 h1:pPJltXNxVzT4pK9yD8vR9X75DaWYYmLGMsEvBfFQZzQ=
google.golang.org/genproto/googleapis/rpc v0.0.0-20240903143218-8af14fe29dc1/go.mod h1:UqMtugtsSgubUsoxbuAoiCXvqvErP7Gf0so0mK9tHxU=
google.golang.org/grpc v1.68.1 h1:oI5oTa11+ng8r8XMMN7jAOmWfPZWbYpCFaMUTACxkM0=
google.golang.org/grpc v1.68.1/go.mod h1:+q1XYFJjShcqn0QZHvCyeR4CXPA+llXIeUIfIe00waw=
google.golang.org/protobuf v1.35.2 h1:8Ar7bF+apOIoThw1EdZl0p1oWvMqTHmpA2fRTyZO8io=
google.golang.org/protobuf v1.35.2/go.mod h1:9fA7Ob0pmnwhb644+1+CVWFRbNajQ6iRojtC/QF5bRE=
gopkg.in/check.v1 v0.0.0-20161208181325-20d25e280405/go.mod h1:Co6ibVJAznAaIkqp8huTwlJQCZ016jof/cbN4VW5Yz0=
gopkg.in/check.v1 v1.0.0-20201130134442-10cb98267c6c h1:Hei/4ADfdWqJk1ZMxUNpqntNwaWcugrBjAiHlqqRiVk=
gopkg.in/check.v1 v1.0.0-20201130134442-10cb98267c6c/go.mod h1:JHkPIbrfpd72SG/EVd6muEfDQjcINNoR0C8j2r3qZ4Q=
gopkg.in/yaml.v2 v2.4.0 h1:D8xgwECY7CYvx+Y2n4sBz93Jn9JRvxdiyyo8CTfuKaY=
gopkg.in/yaml.v2 v2.4.0/go.mod h1:RDklbk79AGWmwhnvt/jBztapEOGDOx6ZbXqjP6csGnQ=
gopkg.in/yaml.v3 v3.0.1 h1:fxVm/GzAzEWqLHuvctI91KS9hhNmmWOoWu0XTYJS7CA=
gopkg.in/yaml.v3 v3.0.1/go.mod h1:K4uyk7z7BCEPqu6E+C64Yfv1cQ7kz7rIZviUmN+EgEM=
