github.com/beorn7/perks v1.0.1 h1:VlbKKnNfV8bJzeqoa4cOKqO6bYr3WgKZxO8Z16+hsOM=
github.com/beorn7/perks v1.0.1/go.mod h1:G2ZrVWU2WbWT9wwq4/hrbKbnv/1ERSJQ0ibhJ6rlkpw=
github.com/cespare/xxhash/v2 v2.2.0 h1:DC2CZ1Ep5Y4k3ZQ899DldepgrayRUGE6BBZ/cd9Cj44=
github.com/cespare/xxhash/v2 v2.2.0/go.mod h1:VGX0DQ3Q6kWi7AoAeZDth3/j3BFtOZR5XLFGgcrjCOs=
github.com/davecgh/go-spew v1.1.1 h1:vj9j/u1bqnvCEfJOwUhtlOARqs3+rkHYY13jYWTU97c=
github.com/dustin/go-humanize v1.0.1 h1:GzkhY7T5VNhEkwH0PVJgjz+fX1rhBrR7pRT3mDkpeCY=
github.com/dustin/go-humanize v1.0.1/go.mod h1:Mu1zIs6XwVuF/gI1OepvI0qD18qycQx+mFykh5fBlto=
github.com/golang/protobuf v1.2.0/go.mod h1:6lQm79b+lXiMfvg/cZm0SGofjICqVBUtrP5yJMmIC1U=
github.com/golang/protobuf v1.5.0/go.mod h1:FsONVRAS9T7sI+LIUmWTfcYkHO4aIWwzhcaSAoJOfIk=
github.com/golang/protobuf v1.5.3 h1:KhyjKVUg7Usr/dYsdSqoFveMYd5ko72D+zANwlG1mmg=
github.com/golang/protobuf v1.5.3/go.mod h1:XVQd3VNwM+JqD3oG2Ue2ip4fOMUkwXdXDdiuN0vRsmY=
github.com/google/go-cmp v0.5.5/go.mod h1:v8dTdLbMG2kIc/vJvl+f65V22dbkXbowE6jgT/gNBxE=
github.com/google/go-cmp v0.5.9 h1:O2Tfq5qg4qc4AmwVlvv0oLiVAGB7enBSJ2x2DqQFi38=
github.com/kr/pretty v0.3.1 h1:flRD4NNwYAUpkphVc1HcthR4KEIFJ65n8Mw5qdRn3LE=
github.com/kr/text v0.2.0 h1:5Nx0Ya0ZqY2ygV366QzturHI13Jq95ApcVaJBhpS+AY=
github.com/matttproud/golang_protobuf_extensions v1.0.4 h1:mmDVorXM7PCGKw94cs5zkfA9PSy5pEvNWRP0ET0TIVo=
github.com/matttproud/golang_protobuf_extensions v1.0.4/go.mod h1:BSXmuO+STAnVfrANrmjBb36TMTDstsz7MSK+HVaYKv4=
github.com/prometheus/client_golang v1.16.0 h1:yk/hx9hDbrGHovbci4BY+pRMfSuuat626eFsHb7tmT8=
github.com/prometheus/client_golang v1.16.0/go.mod h1:Zsulrv/L9oM40tJ7T815tM89lFEugiJ9HzIqaAx4LKc=
github.com/prometheus/client_model v0.4.0 h1:5lQXD3cAg1OXBf4Wq03gTrXHeaV0TQvGfUooCfx1yqY=
github.com/prometheus/client_model v0.4.0/go.mod h1:oMQmHW1/JoDwqLtg57MGgP/Fb1CJEYF2imWWhWtMkYU=
github.com/prometheus/common v0.44.0 h1:+5BrQJwiBB9xsMygAB3TNvpQKOwlkc25LbISbrdOOfY=
github.com/prometheus/common v0.44.0/go.mod h1:ofAIvZbQ1e/nugmZGz4/qCb9Ap1VoSTIO7x0VV9VvuY=
github.com/prometheus/procfs v0.10.1 h1:kYK1Va/YMlutzCGazswoHKo//tZVlFpKYh+PymziUAg=
github.com/prometheus/procfs v0.10.1/go.mod h1:nwNm2aOCAYw8uTR/9bWRREkZFxAUcWzPHWJq+XBB/FM=
github.com/prometheus/procfs v0.11.0/go.mod h1:nwNm2aOCAYw8uTR/9bWRREkZFxAUcWzPHWJq+XBB/FM=
github.com/prometheus/procfs v0.11.1 h1:xRC8Iq1yyca5ypa9n1EZnWZkt7dwcoRPQwX/5gwaUuI=
github.com/prometheus/procfs v0.11.1/go.mod h1:eesXgaPo1q7lBpVMoMy0ZOFTth9hBn4W/y0/p/ScXhY=
github.com/rogpeppe/go-internal v1.10.0 h1:TMyTOH3F/DB16zRVcYyreMH6GnZZrwQVAoYjRBZyWFQ=
golang.conradwood.net/apis/auth v1.1.2309 h1:q4HYkwp3CVB6NgrAZf9U6h9lIeSI/FuSC0dG2UPCChw=
golang.conradwood.net/apis/auth v1.1.2309/go.mod h1:BwI1BZ2OHt4K3oql7cb6YTBhApDIgb5YF9S/SqYWRUc=
golang.conradwood.net/apis/auth v1.1.2467/go.mod h1:85H/eNjCqXm8o07nhYJdx6rZQcFSyAFN172qDa1Vdg0=
golang.conradwood.net/apis/auth v1.1.2491 h1:IdEufAZniPmsFw1Rn32cjv4p2ZhZVKTib4jcCi+kYf4=
golang.conradwood.net/apis/auth v1.1.2491/go.mod h1:kHREH0z6k9/QQizwS+ybbsP+e1/c2KBlXUiUoXVKpXo=
golang.conradwood.net/apis/autodeployer v1.1.2309 h1:mB9M+yoql/8GTapi+6MIEy9c6X8nIJdyXJZUXdwkdas=
golang.conradwood.net/apis/autodeployer v1.1.2309/go.mod h1:jJU+jh3rUZnE3hUYau+glTvImGRsIiecHxH7eFS1qxQ=
golang.conradwood.net/apis/autodeployer v1.1.2371/go.mod h1:P07IozykK2BwrdX3e1ZmPb5tpN3bx1un/D809SC0BrA=
golang.conradwood.net/apis/autodeployer v1.1.2491 h1:6b5TK6KAwYk1Z1qy4uGWbNBSK8CxxQ8NnQlp+fHxIJc=
golang.conradwood.net/apis/autodeployer v1.1.2491/go.mod h1:nk4B8jcfnE0KBo9ff01mGumYp+qrkX9rWpZk/3A9U+s=
golang.conradwood.net/apis/common v1.1.2309 h1:7LzX2czT55leOFAY9ekL5WkkAQ3dogDWcy8E42HAs8U=
golang.conradwood.net/apis/common v1.1.2309/go.mod h1:xchQyqgdvU3Pyk03UNBiO/WcK5dvPlRp64NDE/1a60M=
golang.conradwood.net/apis/common v1.1.2467/go.mod h1:2sdruzN4K+0274AOpHIJJfc6bL2/99EtJJE+5YfhQQo=
golang.conradwood.net/apis/common v1.1.2491 h1:yiwTX2pFCC/QoxwTE+lUe6qvWH38i9jfKwfLCOu8nOg=
golang.conradwood.net/apis/common v1.1.2491/go.mod h1:HuaahPZaJ1WWiaqHE1E7q7m2k1ai4++aDQnrijYF2S0=
golang.conradwood.net/apis/commondeploy v1.1.2491 h1:PvqXsPP+aYQ5ouuiCIJPvcLmCZNfNb054BzP9nrwpfE=
golang.conradwood.net/apis/commondeploy v1.1.2491/go.mod h1:Rc2cQKHtezZWQtHP7zipJU6gPVf+FxYUWoP5tImgUKo=
golang.conradwood.net/apis/deploymonkey v1.1.2309 h1:CyckPGLMxH1Jv5DC5QOQSKLA3O824S58giDnQ4og51Y=
golang.conradwood.net/apis/deploymonkey v1.1.2309/go.mod h1:MxspmPsSC2YsK4s+EG82jMx8MnNgmO5yJW5UAikYzQ8=
golang.conradwood.net/apis/deploymonkey v1.1.2371/go.mod h1:R3c/kNlfkYgj/xJkJj58QCCHcQosj6tY2xDIVq60a0U=
golang.conradwood.net/apis/deploymonkey v1.1.2491 h1:l8PllhJCd5dIQMOiRfuHlSYjhZ96KJM/ofHAoXAzCmU=
golang.conradwood.net/apis/deploymonkey v1.1.2491/go.mod h1:ws9r5LrDz8PWCj/8iKAnfyNcSk0TKIBLrJbYBZuvOPI=
golang.conradwood.net/apis/echoservice v1.1.2309 h1:v5vADnDPfqg0Nfvz+pkEVb8SujraglUmkM7wXQ1oTCY=
golang.conradwood.net/apis/echoservice v1.1.2309/go.mod h1:YdRLWn2aXrJ75R0LVufZy7irBJEKWot1AmJZF66lsdg=
golang.conradwood.net/apis/echoservice v1.1.2491 h1:xG8mT/0pAoy5PUbQiuygGGF/v5apWAbHX7JiPKSxjns=
golang.conradwood.net/apis/echoservice v1.1.2491/go.mod h1:OwPBU7Y/vde385iwz+TfMGJre0qnW2iLm+IuSC2W+OU=
golang.conradwood.net/apis/errorlogger v1.1.2309 h1:ym/wq249J7NjJRKQJDB0DFywB18wt5DO8YVmQJmXorY=
golang.conradwood.net/apis/errorlogger v1.1.2309/go.mod h1:hlNU+AJyc2NiIFlgaxJUiKdRnE2llRv6gJ//0pFBEqQ=
golang.conradwood.net/apis/errorlogger v1.1.2491 h1:m2iEVa3I/+QX530AcD3QySbE9fDHtDpf03i2w9C5/G4=
golang.conradwood.net/apis/errorlogger v1.1.2491/go.mod h1:yrRybYXbDZCjqYF2UGC2IArnNwGkGr5YMEb/cQ8ZxfY=
golang.conradwood.net/apis/framework v1.1.2309 h1:LUULiXI01if6AJmGNr5WZH4fDuuiArClZh2GX5Zqdpk=
golang.conradwood.net/apis/framework v1.1.2309/go.mod h1:Nt+xIllo1fuGFk0StExFVT9w22sf0dS1gnkW6g2TEds=
golang.conradwood.net/apis/framework v1.1.2371/go.mod h1:pBKd3VfnD1Bmn7AlY0kSFHuFtD7uVst728gSFcRD7pc=
golang.conradwood.net/apis/framework v1.1.2491 h1:hBuRPyJf5BR9UAxN1uSuNJFspaebhaEKnHxwEUooAZc=
golang.conradwood.net/apis/framework v1.1.2491/go.mod h1:oTPCt8Z+kGJ7LssiKoAVo9ZJWypF/pDXSy2wwAoM0IU=
golang.conradwood.net/apis/goeasyops v1.1.2309 h1:Yo4dW+AAAuGL3aXemsHdPbXdP+DPJgJPdVroRD1fN9o=
golang.conradwood.net/apis/goeasyops v1.1.2309/go.mod h1:fv3CkNwGHWGZvluZNpgcEuNoWcJJHUCF6nbkGshxnlw=
golang.conradwood.net/apis/goeasyops v1.1.2467/go.mod h1:FIBhOtOIv9SEt85SNhONQ9nA3QevEt/Mu8fhuV3Csvo=
golang.conradwood.net/apis/goeasyops v1.1.2491 h1:x5ObwCMIT4sOumuvvoyBwuCRlv9VuWcW25oNEbuvjoo=
golang.conradwood.net/apis/goeasyops v1.1.2491/go.mod h1:fmwjVHPanGzZ4/NMhhRxG8M3uBO1WtiZokZKZCQ5AoY=
golang.conradwood.net/apis/h2gproxy v1.1.2309 h1:to1wCBxQeOOWAvsnDVzImDQMssvbWC2J0JdqrTqZvWE=
golang.conradwood.net/apis/h2gproxy v1.1.2309/go.mod h1:EpcWZmImdIF4FgP4ojBVeKFWlqdwB9pRsZPQ1YHVSQ8=
golang.conradwood.net/apis/h2gproxy v1.1.2491 h1:xUfnQEDRhoMDNIOJZ5lsAZePYt1akFxRWGYWa7MIUT4=
golang.conradwood.net/apis/h2gproxy v1.1.2491/go.mod h1:r+15l71gmTwe2UoohE//V4IC0ULJs4BC9T43a8rs4Fs=
golang.conradwood.net/apis/htmlserver v1.1.2309 h1:OYgM5EFYAPf8VrWYsc9k/ZUiuUVHZ3La+XmGHGmYlC4=
golang.conradwood.net/apis/htmlserver v1.1.2309/go.mod h1:lsC1bzoL5JP/SNxHSTk0SZYOWKMyk/qlhEY1xvcvkrs=
golang.conradwood.net/apis/htmlserver v1.1.2491 h1:bUsUBsy9siS4nZBGy4kKtMK98/Z8KXwLe5mTaeTPbTY=
golang.conradwood.net/apis/htmlserver v1.1.2491/go.mod h1:CcTMkopO3YbVeBGbntb5wD2TO6ipqtlEYdlSf1HqKZI=
golang.conradwood.net/apis/objectstore v1.1.2309 h1:xaT8c5iv5Wgl9lkdxqzWIcZPFuJoPQTaNmEey+7ZOTI=
golang.conradwood.net/apis/objectstore v1.1.2309/go.mod h1:ID0u2dD28KoJKhzO7J23ol5VgiiiW85Ub6LV+tVwYfQ=
golang.conradwood.net/apis/objectstore v1.1.2371/go.mod h1:UpBLE+GCXwtfTeNofWSjHfZOPn/sSu5mEnsbKHznJLU=
golang.conradwood.net/apis/objectstore v1.1.2491 h1:rhnRPbXEdyMwG+cIn4EE66kxumycSRUsjsUKYdM26wQ=
golang.conradwood.net/apis/objectstore v1.1.2491/go.mod h1:mhYc0Q6wlv6usTZ+WBWM+gmNkPh/qrR6XZqDNvFpRYs=
golang.conradwood.net/apis/promconfig v1.1.2309 h1:DfN3UppIkI9weQHyQ3T0+b4pOt8N7fPp+SMk4mlYfj4=
golang.conradwood.net/apis/promconfig v1.1.2309/go.mod h1:IQ7EgUVurp+NfpovJM6hz2WOhjGZcFwBPTlX79tbIoQ=
golang.conradwood.net/apis/promconfig v1.1.2491 h1:ChWMf+ZIAiZpNeP7GoAoj+sQiN7pVPVYaF8hNnuUfwI=
golang.conradwood.net/apis/promconfig v1.1.2491/go.mod h1:vZnnrF/8mgfh8Ue/i8dBEzpzAAXyuE0EU5ajptBDJug=
golang.conradwood.net/apis/rpcinterceptor v1.1.2309 h1:YI44HUoA2dkUGhfI58q6p5eJueoSunauVV8A2DESm5U=
golang.conradwood.net/apis/rpcinterceptor v1.1.2309/go.mod h1:PlaSdGFeaJP0y+tHicV9+jpjZ1yddzoG4T8S5Dxx65E=
golang.conradwood.net/apis/rpcinterceptor v1.1.2491 h1:M/HKlAgqXV7/3ACC9ZN6VFVF9p0b7L/TTixfg84JKR4=
golang.conradwood.net/apis/rpcinterceptor v1.1.2491/go.mod h1:CZ8UzWtETSq9ZiRTOQuPEL+zG90KfA+1vSGTI/s4ZXY=
golang.conradwood.net/go-easyops v0.1.17944 h1:drPm/M4oBDBrfD0GOes5c6mcbiyy0zTJphsMsYOfzKA=
golang.conradwood.net/go-easyops v0.1.17944/go.mod h1:WOsb8fIHprDMVXygdWuqmApdaG3QC4DoQOvmPSUa3t4=
golang.conradwood.net/go-easyops v0.1.18332 h1:uKdTQNqELUYaDFmx4x3zTLKwRStQTNbSczPgxzDtSBw=
golang.conradwood.net/go-easyops v0.1.18332/go.mod h1:WOsb8fIHprDMVXygdWuqmApdaG3QC4DoQOvmPSUa3t4=
golang.conradwood.net/go-easyops v0.1.19111 h1:kUMnzoFFgov2OKFidm/pRrxB6d87poFPkZj7XVfS8+Y=
golang.conradwood.net/go-easyops v0.1.19111/go.mod h1:Cz6Uz7Or6Yrsyb1iLzMwA8ItnDz/d0AdIkXGM23xv6M=
golang.conradwood.net/go-easyops v0.1.19114 h1:yu/eI020xIznOjnxPVkNw49xrO5FGm4ud52hsvzoGJ4=
golang.conradwood.net/go-easyops v0.1.19114/go.mod h1:Cz6Uz7Or6Yrsyb1iLzMwA8ItnDz/d0AdIkXGM23xv6M=
golang.org/x/net v0.11.0 h1:Gi2tvZIJyBtO9SDr1q9h5hEQCp/4L2RQ+ar0qjx2oNU=
golang.org/x/net v0.11.0/go.mod h1:2L/ixqYpgIVXmeoSA/4Lu7BzTG4KIyPIryS4IsOd1oQ=
golang.org/x/net v0.14.0 h1:BONx9s002vGdD9umnlX1Po8vOZmrgH34qlHcD1MfK14=
golang.org/x/net v0.14.0/go.mod h1:PpSgVXXLK0OxS0F31C1/tv6XNguvCrnXIDrFMspZIUI=
golang.org/x/sync v0.0.0-20181221193216-37e7f081c4d4/go.mod h1:RxMgew5VJxzue5/jJTE5uejpjVlOe/izrB70Jof72aM=
golang.org/x/sys v0.9.0 h1:KS/R3tvhPqvJvwcKfnBHJwwthS11LRhmM5D59eEXa0s=
golang.org/x/sys v0.9.0/go.mod h1:oPkhp1MJrh7nUepCBck5+mAzfO9JrbApNNgaTdGDITg=
golang.org/x/sys v0.11.0 h1:eG7RXZHdqOJ1i+0lgLgCpSXAp6M3LYlAo6osgSi0xOM=
golang.org/x/sys v0.11.0/go.mod h1:oPkhp1MJrh7nUepCBck5+mAzfO9JrbApNNgaTdGDITg=
golang.org/x/text v0.10.0 h1:UpjohKhiEgNc0CSauXmwYftY1+LlaC75SJwh0SgCX58=
golang.org/x/text v0.10.0/go.mod h1:TvPlkZtksWOMsz7fbANvkp4WM8x/WCo/om8BMLbz+aE=
golang.org/x/text v0.12.0 h1:k+n5B8goJNdU7hSvEtMUz3d1Q6D/XW4COJSJR6fN0mc=
golang.org/x/text v0.12.0/go.mod h1:TvPlkZtksWOMsz7fbANvkp4WM8x/WCo/om8BMLbz+aE=
golang.org/x/xerrors v0.0.0-20191204190536-9bdfabe68543/go.mod h1:I/5z698sn9Ka8TeJc9MKroUUfqBBauWjQqLJ2OPfmY0=
golang.yacloud.eu/apis/session v1.1.2309 h1:/cPOxCvPW5hlYQJlQ5FewM5WPY9szBXsLwYYDfYyDvY=
golang.yacloud.eu/apis/session v1.1.2309/go.mod h1:cuAs5rBPiyrmf04ZYmGW63IM9bOzsFxq+oNPzzLIAlU=
golang.yacloud.eu/apis/session v1.1.2467/go.mod h1:BRGZ9MPXjIO3jiQb/FrtlPHVeqSV1Y8cyOFskj7ACWE=
golang.yacloud.eu/apis/session v1.1.2491 h1:tBxfuW185UwAPJg3sFtUlb2HL/mnUvp+g4XLDTeFHWg=
golang.yacloud.eu/apis/session v1.1.2491/go.mod h1:Bh9QWG8k5cc46TY6qdK0rKonaFG5PaBskfx26ik7FTE=
golang.yacloud.eu/apis/urlcacher v1.1.2309 h1:E4lG9yZfveGFyRB5NDY+6kKCeo+K9U2lbnznz2gZOrs=
golang.yacloud.eu/apis/urlcacher v1.1.2309/go.mod h1:SJ7sq57XBveYGjQ0M32yFXpORP/BhFG5Pfxx6+GDoZA=
golang.yacloud.eu/apis/urlcacher v1.1.2491 h1:WDUorOgN8IcBQ9TBRkpD1B+kUI+iXv2slSRLEZ8zEv4=
golang.yacloud.eu/apis/urlcacher v1.1.2491/go.mod h1:Q/tWDWKzUpjbgwxMGAbmNSQLruMBo9InY7jKuFpA2EI=
google.golang.org/genproto v0.0.0-20230306155012-7f2fa6fef1f4 h1:DdoeryqhaXp1LtT/emMP1BRJPHHKFi5akj/nbx/zNTA=
google.golang.org/genproto v0.0.0-20230306155012-7f2fa6fef1f4/go.mod h1:NWraEVixdDnqcqQ30jipen1STv2r/n24Wb7twVTGR4s=
google.golang.org/genproto v0.0.0-20230410155749-daa745c078e1/go.mod h1:nKE/iIaLqn2bQwXBg8f1g2Ylh6r5MN5CmZvuzZCgsCU=
google.golang.org/genproto v0.0.0-20230526161137-0005af68ea54 h1:9NWlQfY2ePejTmfwUH1OWwmznFa+0kKcHGPDvcPza9M=
google.golang.org/genproto v0.0.0-20230526161137-0005af68ea54/go.mod h1:zqTuNwFlFRsw5zIts5VnzLQxSRqh+CGOTVMlYbY0Eyk=
google.golang.org/genproto/googleapis/rpc v0.0.0-20230525234030-28d5490b6b19 h1:0nDDozoAU19Qb2HwhXadU8OcsiO/09cnTqhUtq2MEOM=
google.golang.org/genproto/googleapis/rpc v0.0.0-20230525234030-28d5490b6b19/go.mod h1:66JfowdXAEgad5O9NnYcsNPLCPZJD++2L9X0PCMODrA=
google.golang.org/grpc v1.55.0 h1:3Oj82/tFSCeUrRTg/5E/7d/W5A1tj6Ky1ABAuZuv5ag=
google.golang.org/grpc v1.55.0/go.mod h1:iYEXKGkEBhg1PjZQvoYEVPTDkHo1/bjTnfwTeGONTY8=
google.golang.org/grpc v1.56.2/go.mod h1:I9bI3vqKfayGqPUAwGdOSu7kt6oIJLixfffKrpXqQ9s=
google.golang.org/grpc v1.57.0 h1:kfzNeI/klCGD2YPMUlaGNT3pxvYfga7smW3Vth8Zsiw=
google.golang.org/grpc v1.57.0/go.mod h1:Sd+9RMTACXwmub0zcNY2c4arhtrbBYD1AUHI/dt16Mo=
google.golang.org/protobuf v1.26.0-rc.1/go.mod h1:jlhhOSvTdKEhbULTjvd4ARK9grFBp09yW+WbY/TyQbw=
google.golang.org/protobuf v1.26.0/go.mod h1:9q0QmTI4eRPtz6boOQmLYwt+qCgq0jsYwAQnmE0givc=
google.golang.org/protobuf v1.30.0 h1:kPPoIgf3TsEvrm0PFe15JQ+570QVxYzEvvHqChK+cng=
google.golang.org/protobuf v1.30.0/go.mod h1:HV8QOd/L58Z+nl8r43ehVNZIU/HEI6OcFqwMG9pJV4I=
google.golang.org/protobuf v1.31.0 h1:g0LDEJHgrBl9N9r17Ru3sqWhkIx2NB67okBHPwC7hs8=
google.golang.org/protobuf v1.31.0/go.mod h1:HV8QOd/L58Z+nl8r43ehVNZIU/HEI6OcFqwMG9pJV4I=
gopkg.in/check.v1 v0.0.0-20161208181325-20d25e280405/go.mod h1:Co6ibVJAznAaIkqp8huTwlJQCZ016jof/cbN4VW5Yz0=
gopkg.in/check.v1 v1.0.0-20201130134442-10cb98267c6c h1:Hei/4ADfdWqJk1ZMxUNpqntNwaWcugrBjAiHlqqRiVk=
gopkg.in/yaml.v2 v2.4.0 h1:D8xgwECY7CYvx+Y2n4sBz93Jn9JRvxdiyyo8CTfuKaY=
gopkg.in/yaml.v2 v2.4.0/go.mod h1:RDklbk79AGWmwhnvt/jBztapEOGDOx6ZbXqjP6csGnQ=
